
Microsoft Visual Studio Solution File, Format Version 12.00
# Visual Studio Version 17
VisualStudioVersion = 17.13.35617.110 d17.13
MinimumVisualStudioVersion = 10.0.40219.1
Project("{FAE04EC0-301F-11D3-BF4B-00C04F79EFBC}") = "SMSVideoChat", "SMSVideoChat\SMSVideoChat.csproj", "{01EF1AF4-D186-417C-AAE4-566A2AA243CD}"
EndProject
Project("{FAE04EC0-301F-11D3-BF4B-00C04F79EFBC}") = "SMSVideoChat.Client", "SMSVideoChat.Client\SMSVideoChat.Client.csproj", "{422A4ECE-0734-422D-BA44-0FDDC437FF72}"
EndProject
Global
	GlobalSection(SolutionConfigurationPlatforms) = preSolution
		Debug|Any CPU = Debug|Any CPU
		Release|Any CPU = Release|Any CPU
	EndGlobalSection
	GlobalSection(ProjectConfigurationPlatforms) = postSolution
		{01EF1AF4-D186-417C-AAE4-566A2AA243CD}.Debug|Any CPU.ActiveCfg = Debug|Any CPU
		{01EF1AF4-D186-417C-AAE4-566A2AA243CD}.Debug|Any CPU.Build.0 = Debug|Any CPU
		{01EF1AF4-D186-417C-AAE4-566A2AA243CD}.Release|Any CPU.ActiveCfg = Release|Any CPU
		{01EF1AF4-D186-417C-AAE4-566A2AA243CD}.Release|Any CPU.Build.0 = Release|Any CPU
		{422A4ECE-0734-422D-BA44-0FDDC437FF72}.Debug|Any CPU.ActiveCfg = Debug|Any CPU
		{422A4ECE-0734-422D-BA44-0FDDC437FF72}.Debug|Any CPU.Build.0 = Debug|Any CPU
		{422A4ECE-0734-422D-BA44-0FDDC437FF72}.Release|Any CPU.ActiveCfg = Release|Any CPU
		{422A4ECE-0734-422D-BA44-0FDDC437FF72}.Release|Any CPU.Build.0 = Release|Any CPU
	EndGlobalSection
	GlobalSection(SolutionProperties) = preSolution
		HideSolutionNode = FALSE
	EndGlobalSection
	GlobalSection(ExtensibilityGlobals) = postSolution
		SolutionGuid = {373FA1DD-ECFB-4DEE-8CDF-DA4E037850EF}
	EndGlobalSection
EndGlobal
